
Microsoft Visual Studio Solution File, Format Version 12.00
# Visual Studio Version 17
VisualStudioVersion = 17.8.34525.116
MinimumVisualStudioVersion = 10.0.40219.1
Project("{FAE04EC0-301F-11D3-BF4B-00C04F79EFBC}") = "Masked Behaviour", "Masked Behaviour.csproj", "{09BD5327-B326-499E-8164-00CEC537B7FA}"
EndProject
Global
	GlobalSection(SolutionConfigurationPlatforms) = preSolution
		Debug|Any CPU = Debug|Any CPU
		Release|Any CPU = Release|Any CPU
	EndGlobalSection
	GlobalSection(ProjectConfigurationPlatforms) = postSolution
		{09BD5327-B326-499E-8164-00CEC537B7FA}.Debug|Any CPU.ActiveCfg = Debug|Any CPU
		{09BD5327-B326-499E-8164-00CEC537B7FA}.Debug|Any CPU.Build.0 = Debug|Any CPU
		{09BD5327-B326-499E-8164-00CEC537B7FA}.Debug|Any CPU.Deploy.0 = Debug|Any CPU
		{09BD5327-B326-499E-8164-00CEC537B7FA}.Release|Any CPU.ActiveCfg = Release|Any CPU
		{09BD5327-B326-499E-8164-00CEC537B7FA}.Release|Any CPU.Build.0 = Release|Any CPU
		{09BD5327-B326-499E-8164-00CEC537B7FA}.Release|Any CPU.Deploy.0 = Release|Any CPU
	EndGlobalSection
	GlobalSection(SolutionProperties) = preSolution
		HideSolutionNode = FALSE
	EndGlobalSection
	GlobalSection(ExtensibilityGlobals) = postSolution
		SolutionGuid = {ED27823B-0A69-4B8A-81B2-C25CD027AC43}
	EndGlobalSection
EndGlobal
